
Microsoft Visual Studio Solution File, Format Version 12.00
# Visual Studio Version 17
VisualStudioVersion = 17.0.31903.59
MinimumVisualStudioVersion = 10.0.40219.1
Project("{2150E333-8FDC-42A3-9474-1A3956D46DE8}") = "demo", "demo", "{371CB568-78EC-4F55-A895-5B0BB2175EC6}"
EndProject
Project("{9A19103F-16F7-4668-BE54-9A1E7A4F7556}") = "DanielsSuperCalculator", "demo\DanielsSuperCalculator\DanielsSuperCalculator.csproj", "{418B0A7B-6EC9-488D-953E-E997941C0DC0}"
EndProject
Project("{9A19103F-16F7-4668-BE54-9A1E7A4F7556}") = "DanielsSuperCalculator.Tests", "demo\DanielsSuperCalculator.Tests\DanielsSuperCalculator.Tests.csproj", "{4E84E966-A4CD-4D14-8805-ACCD0968653E}"
EndProject
Project("{2150E333-8FDC-42A3-9474-1A3956D46DE8}") = "Excercises", "Excercises", "{11F3FC76-0F9A-4C37-BA08-89EFD87D353D}"
EndProject
Project("{9A19103F-16F7-4668-BE54-9A1E7A4F7556}") = "PackageHandler", "Excercises\PackageHandler\PackageHandler.csproj", "{CA49133C-33FC-4B96-A6AA-E50B31813C0E}"
EndProject
Project("{9A19103F-16F7-4668-BE54-9A1E7A4F7556}") = "PackageHandler.Tests", "Excercises\PackageHandler.Tests\PackageHandler.Tests.csproj", "{B2707E45-9B86-4405-B55B-D041E10FD0AF}"
EndProject
Project("{FAE04EC0-301F-11D3-BF4B-00C04F79EFBC}") = "NumberValidator", "NumberValidator\NumberValidator.csproj", "{4C262449-0BD0-4A3A-B248-9C16AB32EC39}"
EndProject
Project("{FAE04EC0-301F-11D3-BF4B-00C04F79EFBC}") = "NumberValidator.Tests", "NumberValidator.Tests\NumberValidator.Tests.csproj", "{3D992BDA-1991-4A48-B618-592BA87BF7CF}"
EndProject
Project("{FAE04EC0-301F-11D3-BF4B-00C04F79EFBC}") = "TestabilityDemo", "TestabilityDemo\TestabilityDemo.csproj", "{8724086F-35C3-4625-A250-A65CF949B8C6}"
EndProject
Project("{FAE04EC0-301F-11D3-BF4B-00C04F79EFBC}") = "TestabilityDemo.Tests", "TestabilityDemo.Tests\TestabilityDemo.Tests.csproj", "{C0E16831-FDD8-4B7E-9B91-CE363F6AC7BA}"
EndProject
Global
	GlobalSection(SolutionConfigurationPlatforms) = preSolution
		Debug|Any CPU = Debug|Any CPU
		Release|Any CPU = Release|Any CPU
	EndGlobalSection
	GlobalSection(ProjectConfigurationPlatforms) = postSolution
		{418B0A7B-6EC9-488D-953E-E997941C0DC0}.Debug|Any CPU.ActiveCfg = Debug|Any CPU
		{418B0A7B-6EC9-488D-953E-E997941C0DC0}.Debug|Any CPU.Build.0 = Debug|Any CPU
		{418B0A7B-6EC9-488D-953E-E997941C0DC0}.Release|Any CPU.ActiveCfg = Release|Any CPU
		{418B0A7B-6EC9-488D-953E-E997941C0DC0}.Release|Any CPU.Build.0 = Release|Any CPU
		{4E84E966-A4CD-4D14-8805-ACCD0968653E}.Debug|Any CPU.ActiveCfg = Debug|Any CPU
		{4E84E966-A4CD-4D14-8805-ACCD0968653E}.Debug|Any CPU.Build.0 = Debug|Any CPU
		{4E84E966-A4CD-4D14-8805-ACCD0968653E}.Release|Any CPU.ActiveCfg = Release|Any CPU
		{4E84E966-A4CD-4D14-8805-ACCD0968653E}.Release|Any CPU.Build.0 = Release|Any CPU
		{CA49133C-33FC-4B96-A6AA-E50B31813C0E}.Debug|Any CPU.ActiveCfg = Debug|Any CPU
		{CA49133C-33FC-4B96-A6AA-E50B31813C0E}.Debug|Any CPU.Build.0 = Debug|Any CPU
		{CA49133C-33FC-4B96-A6AA-E50B31813C0E}.Release|Any CPU.ActiveCfg = Release|Any CPU
		{CA49133C-33FC-4B96-A6AA-E50B31813C0E}.Release|Any CPU.Build.0 = Release|Any CPU
		{B2707E45-9B86-4405-B55B-D041E10FD0AF}.Debug|Any CPU.ActiveCfg = Debug|Any CPU
		{B2707E45-9B86-4405-B55B-D041E10FD0AF}.Debug|Any CPU.Build.0 = Debug|Any CPU
		{B2707E45-9B86-4405-B55B-D041E10FD0AF}.Release|Any CPU.ActiveCfg = Release|Any CPU
		{B2707E45-9B86-4405-B55B-D041E10FD0AF}.Release|Any CPU.Build.0 = Release|Any CPU
		{4C262449-0BD0-4A3A-B248-9C16AB32EC39}.Debug|Any CPU.ActiveCfg = Debug|Any CPU
		{4C262449-0BD0-4A3A-B248-9C16AB32EC39}.Debug|Any CPU.Build.0 = Debug|Any CPU
		{4C262449-0BD0-4A3A-B248-9C16AB32EC39}.Release|Any CPU.ActiveCfg = Release|Any CPU
		{4C262449-0BD0-4A3A-B248-9C16AB32EC39}.Release|Any CPU.Build.0 = Release|Any CPU
		{3D992BDA-1991-4A48-B618-592BA87BF7CF}.Debug|Any CPU.ActiveCfg = Debug|Any CPU
		{3D992BDA-1991-4A48-B618-592BA87BF7CF}.Debug|Any CPU.Build.0 = Debug|Any CPU
		{3D992BDA-1991-4A48-B618-592BA87BF7CF}.Release|Any CPU.ActiveCfg = Release|Any CPU
		{3D992BDA-1991-4A48-B618-592BA87BF7CF}.Release|Any CPU.Build.0 = Release|Any CPU
		{8724086F-35C3-4625-A250-A65CF949B8C6}.Debug|Any CPU.ActiveCfg = Debug|Any CPU
		{8724086F-35C3-4625-A250-A65CF949B8C6}.Debug|Any CPU.Build.0 = Debug|Any CPU
		{8724086F-35C3-4625-A250-A65CF949B8C6}.Release|Any CPU.ActiveCfg = Release|Any CPU
		{8724086F-35C3-4625-A250-A65CF949B8C6}.Release|Any CPU.Build.0 = Release|Any CPU
		{C0E16831-FDD8-4B7E-9B91-CE363F6AC7BA}.Debug|Any CPU.ActiveCfg = Debug|Any CPU
		{C0E16831-FDD8-4B7E-9B91-CE363F6AC7BA}.Debug|Any CPU.Build.0 = Debug|Any CPU
		{C0E16831-FDD8-4B7E-9B91-CE363F6AC7BA}.Release|Any CPU.ActiveCfg = Release|Any CPU
		{C0E16831-FDD8-4B7E-9B91-CE363F6AC7BA}.Release|Any CPU.Build.0 = Release|Any CPU
	EndGlobalSection
	GlobalSection(SolutionProperties) = preSolution
		HideSolutionNode = FALSE
	EndGlobalSection
	GlobalSection(NestedProjects) = preSolution
		{418B0A7B-6EC9-488D-953E-E997941C0DC0} = {371CB568-78EC-4F55-A895-5B0BB2175EC6}
		{4E84E966-A4CD-4D14-8805-ACCD0968653E} = {371CB568-78EC-4F55-A895-5B0BB2175EC6}
		{CA49133C-33FC-4B96-A6AA-E50B31813C0E} = {11F3FC76-0F9A-4C37-BA08-89EFD87D353D}
		{B2707E45-9B86-4405-B55B-D041E10FD0AF} = {11F3FC76-0F9A-4C37-BA08-89EFD87D353D}
		{4C262449-0BD0-4A3A-B248-9C16AB32EC39} = {11F3FC76-0F9A-4C37-BA08-89EFD87D353D}
		{3D992BDA-1991-4A48-B618-592BA87BF7CF} = {11F3FC76-0F9A-4C37-BA08-89EFD87D353D}
		{8724086F-35C3-4625-A250-A65CF949B8C6} = {371CB568-78EC-4F55-A895-5B0BB2175EC6}
		{C0E16831-FDD8-4B7E-9B91-CE363F6AC7BA} = {371CB568-78EC-4F55-A895-5B0BB2175EC6}
	EndGlobalSection
	GlobalSection(ExtensibilityGlobals) = postSolution
		SolutionGuid = {E2C5B48F-311E-418B-B4C1-A314A545402F}
	EndGlobalSection
EndGlobal
